
Microsoft Visual Studio Solution File, Format Version 12.00
# Visual Studio 15
VisualStudioVersion = 15.0.26124.0
MinimumVisualStudioVersion = 15.0.26124.0
Project("{2150E333-8FDC-42A3-9474-1A3956D46DE8}") = "Source", "Source", "{FCBA92EC-FDB3-46D2-80D1-140D690CB917}"
EndProject
Project("{FAE04EC0-301F-11D3-BF4B-00C04F79EFBC}") = "BuckeyeStore.Core", "Source\BuckeyeStore.Core\BuckeyeStore.Core.csproj", "{79970D48-AB5D-4E36-9437-E17F9F98C23D}"
EndProject
Project("{2150E333-8FDC-42A3-9474-1A3956D46DE8}") = "Tests", "Tests", "{99FDC157-A09C-4481-82B8-685F0AFDE4E4}"
EndProject
Project("{FAE04EC0-301F-11D3-BF4B-00C04F79EFBC}") = "BuckeyeStore.Core.Tests", "Tests\BuckeyeStore.Core.Tests\BuckeyeStore.Core.Tests.csproj", "{B32E3E59-FD6A-4FC8-9626-DE4C5E9A0491}"
EndProject
Global
	GlobalSection(SolutionConfigurationPlatforms) = preSolution
		Debug|Any CPU = Debug|Any CPU
		Debug|x64 = Debug|x64
		Debug|x86 = Debug|x86
		Release|Any CPU = Release|Any CPU
		Release|x64 = Release|x64
		Release|x86 = Release|x86
	EndGlobalSection
	GlobalSection(SolutionProperties) = preSolution
		HideSolutionNode = FALSE
	EndGlobalSection
	GlobalSection(ProjectConfigurationPlatforms) = postSolution
		{79970D48-AB5D-4E36-9437-E17F9F98C23D}.Debug|Any CPU.ActiveCfg = Debug|Any CPU
		{79970D48-AB5D-4E36-9437-E17F9F98C23D}.Debug|Any CPU.Build.0 = Debug|Any CPU
		{79970D48-AB5D-4E36-9437-E17F9F98C23D}.Debug|x64.ActiveCfg = Debug|x64
		{79970D48-AB5D-4E36-9437-E17F9F98C23D}.Debug|x64.Build.0 = Debug|x64
		{79970D48-AB5D-4E36-9437-E17F9F98C23D}.Debug|x86.ActiveCfg = Debug|x86
		{79970D48-AB5D-4E36-9437-E17F9F98C23D}.Debug|x86.Build.0 = Debug|x86
		{79970D48-AB5D-4E36-9437-E17F9F98C23D}.Release|Any CPU.ActiveCfg = Release|Any CPU
		{79970D48-AB5D-4E36-9437-E17F9F98C23D}.Release|Any CPU.Build.0 = Release|Any CPU
		{79970D48-AB5D-4E36-9437-E17F9F98C23D}.Release|x64.ActiveCfg = Release|x64
		{79970D48-AB5D-4E36-9437-E17F9F98C23D}.Release|x64.Build.0 = Release|x64
		{79970D48-AB5D-4E36-9437-E17F9F98C23D}.Release|x86.ActiveCfg = Release|x86
		{79970D48-AB5D-4E36-9437-E17F9F98C23D}.Release|x86.Build.0 = Release|x86
		{B32E3E59-FD6A-4FC8-9626-DE4C5E9A0491}.Debug|Any CPU.ActiveCfg = Debug|Any CPU
		{B32E3E59-FD6A-4FC8-9626-DE4C5E9A0491}.Debug|Any CPU.Build.0 = Debug|Any CPU
		{B32E3E59-FD6A-4FC8-9626-DE4C5E9A0491}.Debug|x64.ActiveCfg = Debug|x64
		{B32E3E59-FD6A-4FC8-9626-DE4C5E9A0491}.Debug|x64.Build.0 = Debug|x64
		{B32E3E59-FD6A-4FC8-9626-DE4C5E9A0491}.Debug|x86.ActiveCfg = Debug|x86
		{B32E3E59-FD6A-4FC8-9626-DE4C5E9A0491}.Debug|x86.Build.0 = Debug|x86
		{B32E3E59-FD6A-4FC8-9626-DE4C5E9A0491}.Release|Any CPU.ActiveCfg = Release|Any CPU
		{B32E3E59-FD6A-4FC8-9626-DE4C5E9A0491}.Release|Any CPU.Build.0 = Release|Any CPU
		{B32E3E59-FD6A-4FC8-9626-DE4C5E9A0491}.Release|x64.ActiveCfg = Release|x64
		{B32E3E59-FD6A-4FC8-9626-DE4C5E9A0491}.Release|x64.Build.0 = Release|x64
		{B32E3E59-FD6A-4FC8-9626-DE4C5E9A0491}.Release|x86.ActiveCfg = Release|x86
		{B32E3E59-FD6A-4FC8-9626-DE4C5E9A0491}.Release|x86.Build.0 = Release|x86
	EndGlobalSection
	GlobalSection(NestedProjects) = preSolution
		{79970D48-AB5D-4E36-9437-E17F9F98C23D} = {FCBA92EC-FDB3-46D2-80D1-140D690CB917}
		{B32E3E59-FD6A-4FC8-9626-DE4C5E9A0491} = {99FDC157-A09C-4481-82B8-685F0AFDE4E4}
	EndGlobalSection
EndGlobal
